
Microsoft Visual Studio Solution File, Format Version 12.00
# Visual Studio 15
VisualStudioVersion = 15.0.27428.1
MinimumVisualStudioVersion = 10.0.40219.1
Project("{FAE04EC0-301F-11D3-BF4B-00C04F79EFBC}") = "AjaxControlToolkit.Extenders", "AjaxControlToolkit.Extenders.csproj", "{51F95745-9547-42FC-9412-C7E14F270B4B}"
EndProject
Project("{FAE04EC0-301F-11D3-BF4B-00C04F79EFBC}") = "AjaxControlToolkit.SampleSite", "AjaxControlToolkit.SampleSite\AjaxControlToolkit.SampleSite.csproj", "{8257A9D2-3D7E-451D-AABD-714813361AA2}"
EndProject
Global
	GlobalSection(SolutionConfigurationPlatforms) = preSolution
		Debug|Any CPU = Debug|Any CPU
		Release|Any CPU = Release|Any CPU
	EndGlobalSection
	GlobalSection(ProjectConfigurationPlatforms) = postSolution
		{51F95745-9547-42FC-9412-C7E14F270B4B}.Debug|Any CPU.ActiveCfg = Debug|Any CPU
		{51F95745-9547-42FC-9412-C7E14F270B4B}.Debug|Any CPU.Build.0 = Debug|Any CPU
		{51F95745-9547-42FC-9412-C7E14F270B4B}.Release|Any CPU.ActiveCfg = Release|Any CPU
		{51F95745-9547-42FC-9412-C7E14F270B4B}.Release|Any CPU.Build.0 = Release|Any CPU
		{8257A9D2-3D7E-451D-AABD-714813361AA2}.Debug|Any CPU.ActiveCfg = Debug|Any CPU
		{8257A9D2-3D7E-451D-AABD-714813361AA2}.Debug|Any CPU.Build.0 = Debug|Any CPU
		{8257A9D2-3D7E-451D-AABD-714813361AA2}.Release|Any CPU.ActiveCfg = Release|Any CPU
		{8257A9D2-3D7E-451D-AABD-714813361AA2}.Release|Any CPU.Build.0 = Release|Any CPU
	EndGlobalSection
	GlobalSection(SolutionProperties) = preSolution
		HideSolutionNode = FALSE
	EndGlobalSection
	GlobalSection(ExtensibilityGlobals) = postSolution
		SolutionGuid = {C208E28E-A812-483C-9B11-7CC60889B8F8}
	EndGlobalSection
EndGlobal
